
Microsoft Visual Studio Solution File, Format Version 12.00
Project("{FAE04EC0-301F-11D3-BF4B-00C04F79EFBC}") = "Entities", "Entities\Entities.csproj", "{DA0C9831-5C78-4724-B5CA-B8F894CBDB76}"
EndProject
Project("{FAE04EC0-301F-11D3-BF4B-00C04F79EFBC}") = "DataAccess", "DataAccess\DataAccess.csproj", "{4D017A43-AC0A-47BA-921E-BB7F031193E9}"
EndProject
Project("{FAE04EC0-301F-11D3-BF4B-00C04F79EFBC}") = "Business", "Business\Business.csproj", "{836F6398-66BF-4A1A-A6F8-1062BAD702D8}"
EndProject
Project("{FAE04EC0-301F-11D3-BF4B-00C04F79EFBC}") = "ConsoleUI", "ConsoleUI\ConsoleUI.csproj", "{29B278F5-C4C7-4A3B-8EA4-3BFD17E09051}"
EndProject
Project("{FAE04EC0-301F-11D3-BF4B-00C04F79EFBC}") = "Core", "Core\Core.csproj", "{DECCE887-6CF6-4676-AB97-2FA94B2F557A}"
EndProject
Global
	GlobalSection(SolutionConfigurationPlatforms) = preSolution
		Debug|Any CPU = Debug|Any CPU
		Release|Any CPU = Release|Any CPU
	EndGlobalSection
	GlobalSection(ProjectConfigurationPlatforms) = postSolution
		{DA0C9831-5C78-4724-B5CA-B8F894CBDB76}.Debug|Any CPU.ActiveCfg = Debug|Any CPU
		{DA0C9831-5C78-4724-B5CA-B8F894CBDB76}.Debug|Any CPU.Build.0 = Debug|Any CPU
		{DA0C9831-5C78-4724-B5CA-B8F894CBDB76}.Release|Any CPU.ActiveCfg = Release|Any CPU
		{DA0C9831-5C78-4724-B5CA-B8F894CBDB76}.Release|Any CPU.Build.0 = Release|Any CPU
		{4D017A43-AC0A-47BA-921E-BB7F031193E9}.Debug|Any CPU.ActiveCfg = Debug|Any CPU
		{4D017A43-AC0A-47BA-921E-BB7F031193E9}.Debug|Any CPU.Build.0 = Debug|Any CPU
		{4D017A43-AC0A-47BA-921E-BB7F031193E9}.Release|Any CPU.ActiveCfg = Release|Any CPU
		{4D017A43-AC0A-47BA-921E-BB7F031193E9}.Release|Any CPU.Build.0 = Release|Any CPU
		{836F6398-66BF-4A1A-A6F8-1062BAD702D8}.Debug|Any CPU.ActiveCfg = Debug|Any CPU
		{836F6398-66BF-4A1A-A6F8-1062BAD702D8}.Debug|Any CPU.Build.0 = Debug|Any CPU
		{836F6398-66BF-4A1A-A6F8-1062BAD702D8}.Release|Any CPU.ActiveCfg = Release|Any CPU
		{836F6398-66BF-4A1A-A6F8-1062BAD702D8}.Release|Any CPU.Build.0 = Release|Any CPU
		{29B278F5-C4C7-4A3B-8EA4-3BFD17E09051}.Debug|Any CPU.ActiveCfg = Debug|Any CPU
		{29B278F5-C4C7-4A3B-8EA4-3BFD17E09051}.Debug|Any CPU.Build.0 = Debug|Any CPU
		{29B278F5-C4C7-4A3B-8EA4-3BFD17E09051}.Release|Any CPU.ActiveCfg = Release|Any CPU
		{29B278F5-C4C7-4A3B-8EA4-3BFD17E09051}.Release|Any CPU.Build.0 = Release|Any CPU
		{DECCE887-6CF6-4676-AB97-2FA94B2F557A}.Debug|Any CPU.ActiveCfg = Debug|Any CPU
		{DECCE887-6CF6-4676-AB97-2FA94B2F557A}.Debug|Any CPU.Build.0 = Debug|Any CPU
		{DECCE887-6CF6-4676-AB97-2FA94B2F557A}.Release|Any CPU.ActiveCfg = Release|Any CPU
		{DECCE887-6CF6-4676-AB97-2FA94B2F557A}.Release|Any CPU.Build.0 = Release|Any CPU
	EndGlobalSection
EndGlobal
